
Microsoft Visual Studio Solution File, Format Version 12.00
# Visual Studio Version 16
VisualStudioVersion = 16.0.30330.147
MinimumVisualStudioVersion = 10.0.40219.1
Project("{FAE04EC0-301F-11D3-BF4B-00C04F79EFBC}") = "Exercise1", "Exercise1\Exercise1.csproj", "{EBAF0F1D-2BD4-4269-A4DF-63E5270D3A9E}"
EndProject
Project("{FAE04EC0-301F-11D3-BF4B-00C04F79EFBC}") = "MyClassLibrary", "MyClassLibrary\MyClassLibrary.csproj", "{187EC85C-A5AF-4481-981F-2344CDEA0C6A}"
EndProject
Project("{FAE04EC0-301F-11D3-BF4B-00C04F79EFBC}") = "Exercise2", "Exercise2\Exercise2.csproj", "{A30F5E2C-DBB4-4B42-8B64-AD613DD2B49A}"
EndProject
Project("{FAE04EC0-301F-11D3-BF4B-00C04F79EFBC}") = "Exercise3", "Exercise3\Exercise3.csproj", "{077BC7D9-B651-4C4A-A45B-5E4611FC211B}"
EndProject
Project("{FAE04EC0-301F-11D3-BF4B-00C04F79EFBC}") = "Exercise4", "Exercise4\Exercise4.csproj", "{15A9BBBC-A81C-4095-B049-36E7D35B4D2F}"
EndProject
Project("{FAE04EC0-301F-11D3-BF4B-00C04F79EFBC}") = "Exercise5", "Exercise5\Exercise5.csproj", "{441D198B-C5C4-4D39-A413-EAEB3175F077}"
EndProject
Project("{2150E333-8FDC-42A3-9474-1A3956D46DE8}") = "Lesson1", "Lesson1", "{86CFCFFF-3869-4CE2-BE3A-64DEAB16FCFB}"
EndProject
Project("{2150E333-8FDC-42A3-9474-1A3956D46DE8}") = "Lesson2", "Lesson2", "{C4782B1D-7006-4504-86BB-5B0419F0852D}"
EndProject
Project("{FAE04EC0-301F-11D3-BF4B-00C04F79EFBC}") = "Les2Exercise1", "Les2Exercise1\Les2Exercise1.csproj", "{2AFC23E5-23E6-4B23-95FD-D3E7179A1F0B}"
EndProject
Project("{FAE04EC0-301F-11D3-BF4B-00C04F79EFBC}") = "Les2Exercise2", "Les2Exercise2\Les2Exercise2.csproj", "{8CDFB9F5-28E4-43D4-B76E-96DB4A70E990}"
EndProject
Project("{FAE04EC0-301F-11D3-BF4B-00C04F79EFBC}") = "Les2Exercise3", "Les2Exercise3\Les2Exercise3.csproj", "{B184F443-271E-4A05-9064-7C9ED06DC95D}"
EndProject
Project("{FAE04EC0-301F-11D3-BF4B-00C04F79EFBC}") = "Les2Exercise4", "Les2Exercise4\Les2Exercise4.csproj", "{707E2B80-1826-4881-B2B6-B4ABAB47EFE2}"
EndProject
Project("{FAE04EC0-301F-11D3-BF4B-00C04F79EFBC}") = "Les2Exercise5", "Les2Exercise5\Les2Exercise5.csproj", "{9C5F336B-3F98-43E7-9C34-E4B60D4BBA01}"
EndProject
Project("{FAE04EC0-301F-11D3-BF4B-00C04F79EFBC}") = "Les2Exercise6", "Les2Exercise6\Les2Exercise6.csproj", "{A989B698-D484-45E7-83D1-7B5C86A4FEE8}"
EndProject
Project("{FAE04EC0-301F-11D3-BF4B-00C04F79EFBC}") = "Les2Exercise7", "Les2Exercise7\Les2Exercise7.csproj", "{61B110D7-1BAC-4C79-A4E7-C7141EC605EA}"
EndProject
Global
	GlobalSection(SolutionConfigurationPlatforms) = preSolution
		Debug|Any CPU = Debug|Any CPU
		Release|Any CPU = Release|Any CPU
	EndGlobalSection
	GlobalSection(ProjectConfigurationPlatforms) = postSolution
		{EBAF0F1D-2BD4-4269-A4DF-63E5270D3A9E}.Debug|Any CPU.ActiveCfg = Debug|Any CPU
		{EBAF0F1D-2BD4-4269-A4DF-63E5270D3A9E}.Debug|Any CPU.Build.0 = Debug|Any CPU
		{EBAF0F1D-2BD4-4269-A4DF-63E5270D3A9E}.Release|Any CPU.ActiveCfg = Release|Any CPU
		{EBAF0F1D-2BD4-4269-A4DF-63E5270D3A9E}.Release|Any CPU.Build.0 = Release|Any CPU
		{187EC85C-A5AF-4481-981F-2344CDEA0C6A}.Debug|Any CPU.ActiveCfg = Debug|Any CPU
		{187EC85C-A5AF-4481-981F-2344CDEA0C6A}.Debug|Any CPU.Build.0 = Debug|Any CPU
		{187EC85C-A5AF-4481-981F-2344CDEA0C6A}.Release|Any CPU.ActiveCfg = Release|Any CPU
		{187EC85C-A5AF-4481-981F-2344CDEA0C6A}.Release|Any CPU.Build.0 = Release|Any CPU
		{A30F5E2C-DBB4-4B42-8B64-AD613DD2B49A}.Debug|Any CPU.ActiveCfg = Debug|Any CPU
		{A30F5E2C-DBB4-4B42-8B64-AD613DD2B49A}.Debug|Any CPU.Build.0 = Debug|Any CPU
		{A30F5E2C-DBB4-4B42-8B64-AD613DD2B49A}.Release|Any CPU.ActiveCfg = Release|Any CPU
		{A30F5E2C-DBB4-4B42-8B64-AD613DD2B49A}.Release|Any CPU.Build.0 = Release|Any CPU
		{077BC7D9-B651-4C4A-A45B-5E4611FC211B}.Debug|Any CPU.ActiveCfg = Debug|Any CPU
		{077BC7D9-B651-4C4A-A45B-5E4611FC211B}.Debug|Any CPU.Build.0 = Debug|Any CPU
		{077BC7D9-B651-4C4A-A45B-5E4611FC211B}.Release|Any CPU.ActiveCfg = Release|Any CPU
		{077BC7D9-B651-4C4A-A45B-5E4611FC211B}.Release|Any CPU.Build.0 = Release|Any CPU
		{15A9BBBC-A81C-4095-B049-36E7D35B4D2F}.Debug|Any CPU.ActiveCfg = Debug|Any CPU
		{15A9BBBC-A81C-4095-B049-36E7D35B4D2F}.Debug|Any CPU.Build.0 = Debug|Any CPU
		{15A9BBBC-A81C-4095-B049-36E7D35B4D2F}.Release|Any CPU.ActiveCfg = Release|Any CPU
		{15A9BBBC-A81C-4095-B049-36E7D35B4D2F}.Release|Any CPU.Build.0 = Release|Any CPU
		{441D198B-C5C4-4D39-A413-EAEB3175F077}.Debug|Any CPU.ActiveCfg = Debug|Any CPU
		{441D198B-C5C4-4D39-A413-EAEB3175F077}.Debug|Any CPU.Build.0 = Debug|Any CPU
		{441D198B-C5C4-4D39-A413-EAEB3175F077}.Release|Any CPU.ActiveCfg = Release|Any CPU
		{441D198B-C5C4-4D39-A413-EAEB3175F077}.Release|Any CPU.Build.0 = Release|Any CPU
		{2AFC23E5-23E6-4B23-95FD-D3E7179A1F0B}.Debug|Any CPU.ActiveCfg = Debug|Any CPU
		{2AFC23E5-23E6-4B23-95FD-D3E7179A1F0B}.Debug|Any CPU.Build.0 = Debug|Any CPU
		{2AFC23E5-23E6-4B23-95FD-D3E7179A1F0B}.Release|Any CPU.ActiveCfg = Release|Any CPU
		{2AFC23E5-23E6-4B23-95FD-D3E7179A1F0B}.Release|Any CPU.Build.0 = Release|Any CPU
		{8CDFB9F5-28E4-43D4-B76E-96DB4A70E990}.Debug|Any CPU.ActiveCfg = Debug|Any CPU
		{8CDFB9F5-28E4-43D4-B76E-96DB4A70E990}.Debug|Any CPU.Build.0 = Debug|Any CPU
		{8CDFB9F5-28E4-43D4-B76E-96DB4A70E990}.Release|Any CPU.ActiveCfg = Release|Any CPU
		{8CDFB9F5-28E4-43D4-B76E-96DB4A70E990}.Release|Any CPU.Build.0 = Release|Any CPU
		{B184F443-271E-4A05-9064-7C9ED06DC95D}.Debug|Any CPU.ActiveCfg = Debug|Any CPU
		{B184F443-271E-4A05-9064-7C9ED06DC95D}.Debug|Any CPU.Build.0 = Debug|Any CPU
		{B184F443-271E-4A05-9064-7C9ED06DC95D}.Release|Any CPU.ActiveCfg = Release|Any CPU
		{B184F443-271E-4A05-9064-7C9ED06DC95D}.Release|Any CPU.Build.0 = Release|Any CPU
		{707E2B80-1826-4881-B2B6-B4ABAB47EFE2}.Debug|Any CPU.ActiveCfg = Debug|Any CPU
		{707E2B80-1826-4881-B2B6-B4ABAB47EFE2}.Debug|Any CPU.Build.0 = Debug|Any CPU
		{707E2B80-1826-4881-B2B6-B4ABAB47EFE2}.Release|Any CPU.ActiveCfg = Release|Any CPU
		{707E2B80-1826-4881-B2B6-B4ABAB47EFE2}.Release|Any CPU.Build.0 = Release|Any CPU
		{9C5F336B-3F98-43E7-9C34-E4B60D4BBA01}.Debug|Any CPU.ActiveCfg = Debug|Any CPU
		{9C5F336B-3F98-43E7-9C34-E4B60D4BBA01}.Debug|Any CPU.Build.0 = Debug|Any CPU
		{9C5F336B-3F98-43E7-9C34-E4B60D4BBA01}.Release|Any CPU.ActiveCfg = Release|Any CPU
		{9C5F336B-3F98-43E7-9C34-E4B60D4BBA01}.Release|Any CPU.Build.0 = Release|Any CPU
		{A989B698-D484-45E7-83D1-7B5C86A4FEE8}.Debug|Any CPU.ActiveCfg = Debug|Any CPU
		{A989B698-D484-45E7-83D1-7B5C86A4FEE8}.Debug|Any CPU.Build.0 = Debug|Any CPU
		{A989B698-D484-45E7-83D1-7B5C86A4FEE8}.Release|Any CPU.ActiveCfg = Release|Any CPU
		{A989B698-D484-45E7-83D1-7B5C86A4FEE8}.Release|Any CPU.Build.0 = Release|Any CPU
		{61B110D7-1BAC-4C79-A4E7-C7141EC605EA}.Debug|Any CPU.ActiveCfg = Debug|Any CPU
		{61B110D7-1BAC-4C79-A4E7-C7141EC605EA}.Debug|Any CPU.Build.0 = Debug|Any CPU
		{61B110D7-1BAC-4C79-A4E7-C7141EC605EA}.Release|Any CPU.ActiveCfg = Release|Any CPU
		{61B110D7-1BAC-4C79-A4E7-C7141EC605EA}.Release|Any CPU.Build.0 = Release|Any CPU
	EndGlobalSection
	GlobalSection(SolutionProperties) = preSolution
		HideSolutionNode = FALSE
	EndGlobalSection
	GlobalSection(NestedProjects) = preSolution
		{EBAF0F1D-2BD4-4269-A4DF-63E5270D3A9E} = {86CFCFFF-3869-4CE2-BE3A-64DEAB16FCFB}
		{187EC85C-A5AF-4481-981F-2344CDEA0C6A} = {86CFCFFF-3869-4CE2-BE3A-64DEAB16FCFB}
		{A30F5E2C-DBB4-4B42-8B64-AD613DD2B49A} = {86CFCFFF-3869-4CE2-BE3A-64DEAB16FCFB}
		{077BC7D9-B651-4C4A-A45B-5E4611FC211B} = {86CFCFFF-3869-4CE2-BE3A-64DEAB16FCFB}
		{15A9BBBC-A81C-4095-B049-36E7D35B4D2F} = {86CFCFFF-3869-4CE2-BE3A-64DEAB16FCFB}
		{441D198B-C5C4-4D39-A413-EAEB3175F077} = {86CFCFFF-3869-4CE2-BE3A-64DEAB16FCFB}
		{2AFC23E5-23E6-4B23-95FD-D3E7179A1F0B} = {C4782B1D-7006-4504-86BB-5B0419F0852D}
		{8CDFB9F5-28E4-43D4-B76E-96DB4A70E990} = {C4782B1D-7006-4504-86BB-5B0419F0852D}
		{B184F443-271E-4A05-9064-7C9ED06DC95D} = {C4782B1D-7006-4504-86BB-5B0419F0852D}
		{707E2B80-1826-4881-B2B6-B4ABAB47EFE2} = {C4782B1D-7006-4504-86BB-5B0419F0852D}
		{9C5F336B-3F98-43E7-9C34-E4B60D4BBA01} = {C4782B1D-7006-4504-86BB-5B0419F0852D}
		{A989B698-D484-45E7-83D1-7B5C86A4FEE8} = {C4782B1D-7006-4504-86BB-5B0419F0852D}
		{61B110D7-1BAC-4C79-A4E7-C7141EC605EA} = {C4782B1D-7006-4504-86BB-5B0419F0852D}
	EndGlobalSection
	GlobalSection(ExtensibilityGlobals) = postSolution
		SolutionGuid = {5FF233AA-7906-457D-AD22-8B388ADC2428}
	EndGlobalSection
EndGlobal
