
Microsoft Visual Studio Solution File, Format Version 12.00
# Visual Studio Version 16
VisualStudioVersion = 16.0.30330.147
MinimumVisualStudioVersion = 10.0.40219.1
Project("{FAE04EC0-301F-11D3-BF4B-00C04F79EFBC}") = "Exercise1", "Exercise1\Exercise1.csproj", "{EBAF0F1D-2BD4-4269-A4DF-63E5270D3A9E}"
EndProject
Project("{FAE04EC0-301F-11D3-BF4B-00C04F79EFBC}") = "MyClassLibrary", "MyClassLibrary\MyClassLibrary.csproj", "{187EC85C-A5AF-4481-981F-2344CDEA0C6A}"
EndProject
Project("{FAE04EC0-301F-11D3-BF4B-00C04F79EFBC}") = "Exercise2", "Exercise2\Exercise2.csproj", "{A30F5E2C-DBB4-4B42-8B64-AD613DD2B49A}"
EndProject
Project("{FAE04EC0-301F-11D3-BF4B-00C04F79EFBC}") = "Exercise3", "Exercise3\Exercise3.csproj", "{077BC7D9-B651-4C4A-A45B-5E4611FC211B}"
EndProject
Project("{FAE04EC0-301F-11D3-BF4B-00C04F79EFBC}") = "Exercise4", "Exercise4\Exercise4.csproj", "{15A9BBBC-A81C-4095-B049-36E7D35B4D2F}"
EndProject
Project("{FAE04EC0-301F-11D3-BF4B-00C04F79EFBC}") = "Exercise5", "Exercise5\Exercise5.csproj", "{441D198B-C5C4-4D39-A413-EAEB3175F077}"
EndProject
Project("{2150E333-8FDC-42A3-9474-1A3956D46DE8}") = "Lesson1", "Lesson1", "{86CFCFFF-3869-4CE2-BE3A-64DEAB16FCFB}"
EndProject
Project("{2150E333-8FDC-42A3-9474-1A3956D46DE8}") = "Lesson2", "Lesson2", "{C4782B1D-7006-4504-86BB-5B0419F0852D}"
EndProject
Project("{FAE04EC0-301F-11D3-BF4B-00C04F79EFBC}") = "Les2Exercise1", "Les2Exercise1\Les2Exercise1.csproj", "{2AFC23E5-23E6-4B23-95FD-D3E7179A1F0B}"
EndProject
Project("{FAE04EC0-301F-11D3-BF4B-00C04F79EFBC}") = "Les2Exercise2", "Les2Exercise2\Les2Exercise2.csproj", "{8CDFB9F5-28E4-43D4-B76E-96DB4A70E990}"
EndProject
Project("{FAE04EC0-301F-11D3-BF4B-00C04F79EFBC}") = "Les2Exercise3", "Les2Exercise3\Les2Exercise3.csproj", "{B184F443-271E-4A05-9064-7C9ED06DC95D}"
EndProject
Project("{FAE04EC0-301F-11D3-BF4B-00C04F79EFBC}") = "Les2Exercise4", "Les2Exercise4\Les2Exercise4.csproj", "{707E2B80-1826-4881-B2B6-B4ABAB47EFE2}"
EndProject
Project("{FAE04EC0-301F-11D3-BF4B-00C04F79EFBC}") = "Les2Exercise5", "Les2Exercise5\Les2Exercise5.csproj", "{9C5F336B-3F98-43E7-9C34-E4B60D4BBA01}"
EndProject
Project("{FAE04EC0-301F-11D3-BF4B-00C04F79EFBC}") = "Les2Exercise6", "Les2Exercise6\Les2Exercise6.csproj", "{A989B698-D484-45E7-83D1-7B5C86A4FEE8}"
EndProject
Project("{FAE04EC0-301F-11D3-BF4B-00C04F79EFBC}") = "Les2Exercise7", "Les2Exercise7\Les2Exercise7.csproj", "{61B110D7-1BAC-4C79-A4E7-C7141EC605EA}"
EndProject
Project("{2150E333-8FDC-42A3-9474-1A3956D46DE8}") = "Lesson3", "Lesson3", "{0B4D7AB0-6004-4092-8B41-034F42F2E00D}"
EndProject
Project("{FAE04EC0-301F-11D3-BF4B-00C04F79EFBC}") = "Les3Exercise1", "Les3Exercise1\Les3Exercise1.csproj", "{4AF115DA-5272-49DC-BC80-790C0FEC6C8B}"
EndProject
Project("{FAE04EC0-301F-11D3-BF4B-00C04F79EFBC}") = "Les3Exercise2", "Les3Exercise2\Les3Exercise2.csproj", "{78984250-9731-4113-A15C-15493AD643EB}"
EndProject
Project("{FAE04EC0-301F-11D3-BF4B-00C04F79EFBC}") = "Les3Exercise3", "Les3Exercise3\Les3Exercise3.csproj", "{4A970F84-B86D-4D4D-8132-F7851F5A236B}"
EndProject
Project("{2150E333-8FDC-42A3-9474-1A3956D46DE8}") = "Lesson4", "Lesson4", "{FE49F21E-8D79-4FAD-946A-8C49F1516C6A}"
EndProject
Project("{FAE04EC0-301F-11D3-BF4B-00C04F79EFBC}") = "Les4Exercise1", "Les4Exercise1\Les4Exercise1.csproj", "{38193A30-7641-4CF0-AB04-9998DF432F65}"
EndProject
Project("{FAE04EC0-301F-11D3-BF4B-00C04F79EFBC}") = "Les4Exercise2", "Les4Exercise2\Les4Exercise2.csproj", "{FB3FCDD8-D2E8-4DF2-B945-4AEBFE912BE2}"
EndProject
Project("{FAE04EC0-301F-11D3-BF4B-00C04F79EFBC}") = "Les4Exercise3", "Les4Exercise3\Les4Exercise3.csproj", "{7E4019F2-E077-4CFD-914D-27459F230EDB}"
EndProject
Project("{FAE04EC0-301F-11D3-BF4B-00C04F79EFBC}") = "Les4Exercise4", "Les4Exercise4\Les4Exercise4.csproj", "{5D0CA9B6-1C0B-4BB8-9B30-83F14DE02CD6}"
EndProject
Project("{FAE04EC0-301F-11D3-BF4B-00C04F79EFBC}") = "Les4Exercise5", "Les4Exercise5\Les4Exercise5.csproj", "{73C3C27B-F0F8-42CD-84A1-5A26D6CD04E1}"
EndProject
Project("{FAE04EC0-301F-11D3-BF4B-00C04F79EFBC}") = "ArrayClassLibrary", "ArrayClassLibrary\ArrayClassLibrary.csproj", "{9B0A6FFD-CF51-44C4-9AAE-99578C956FD5}"
EndProject
Project("{2150E333-8FDC-42A3-9474-1A3956D46DE8}") = "Lesson5", "Lesson5", "{AEB44B6E-AB6A-47E5-A31D-7C11AEF40DBB}"
EndProject
Project("{FAE04EC0-301F-11D3-BF4B-00C04F79EFBC}") = "Les5Exercise1", "Les5Exercise1\Les5Exercise1.csproj", "{8183DF4E-ABA7-44DE-B950-85CB11658814}"
EndProject
Project("{FAE04EC0-301F-11D3-BF4B-00C04F79EFBC}") = "Les5Exercise2", "Les5Exercise2\Les5Exercise2.csproj", "{A286ADB9-EAF3-4F33-8028-40304C0BB372}"
EndProject
Project("{FAE04EC0-301F-11D3-BF4B-00C04F79EFBC}") = "Les5Exercise3", "Les5Exercise3\Les5Exercise3.csproj", "{C4BC445B-8E31-4624-B045-3377372E5CAC}"
EndProject
Project("{FAE04EC0-301F-11D3-BF4B-00C04F79EFBC}") = "Les5Exercise4", "Les5Exercise4\Les5Exercise4.csproj", "{D8A907D9-73AB-4C2D-B6E9-E9E9D71D7334}"
EndProject
Project("{2150E333-8FDC-42A3-9474-1A3956D46DE8}") = "Lesson6", "Lesson6", "{F28E946A-7870-467C-AC77-A318911ECD00}"
EndProject
Project("{FAE04EC0-301F-11D3-BF4B-00C04F79EFBC}") = "Les6Exercise1", "Les6Exercise1\Les6Exercise1.csproj", "{40FC6D1A-7983-4F99-82F7-16065F5D59DA}"
EndProject
Project("{FAE04EC0-301F-11D3-BF4B-00C04F79EFBC}") = "Les6Exercise2", "Les6Exercise2\Les6Exercise2.csproj", "{F2BA0222-27A8-4609-9903-C84B942F297D}"
EndProject
Project("{FAE04EC0-301F-11D3-BF4B-00C04F79EFBC}") = "Les6Exercise3", "Les6Exercise3\Les6Exercise3.csproj", "{E225E8B2-6A64-41BD-8C10-29612F565038}"
EndProject
Project("{FAE04EC0-301F-11D3-BF4B-00C04F79EFBC}") = "Les6Exercise4", "Les6Exercise4\Les6Exercise4.csproj", "{ED4C13CE-D8CA-4EAE-9F3B-B7ADA54FF7BF}"
EndProject
Project("{2150E333-8FDC-42A3-9474-1A3956D46DE8}") = "Lesson7", "Lesson7", "{C1E28ED0-B32B-4367-BAE2-F36CA53F055E}"
EndProject
Project("{FAE04EC0-301F-11D3-BF4B-00C04F79EFBC}") = "Les7Exercise1", "Les7Exercise1\Les7Exercise1.csproj", "{0EB1E102-6091-4389-8672-BE2F5EAC858D}"
EndProject
Project("{FAE04EC0-301F-11D3-BF4B-00C04F79EFBC}") = "Les7Exercise2", "Les7Exercise2\Les7Exercise2.csproj", "{C5F1AD13-4F4F-4552-9ABF-00F4C6B2B209}"
EndProject
Global
	GlobalSection(SolutionConfigurationPlatforms) = preSolution
		Debug|Any CPU = Debug|Any CPU
		Release|Any CPU = Release|Any CPU
	EndGlobalSection
	GlobalSection(ProjectConfigurationPlatforms) = postSolution
		{EBAF0F1D-2BD4-4269-A4DF-63E5270D3A9E}.Debug|Any CPU.ActiveCfg = Debug|Any CPU
		{EBAF0F1D-2BD4-4269-A4DF-63E5270D3A9E}.Debug|Any CPU.Build.0 = Debug|Any CPU
		{EBAF0F1D-2BD4-4269-A4DF-63E5270D3A9E}.Release|Any CPU.ActiveCfg = Release|Any CPU
		{EBAF0F1D-2BD4-4269-A4DF-63E5270D3A9E}.Release|Any CPU.Build.0 = Release|Any CPU
		{187EC85C-A5AF-4481-981F-2344CDEA0C6A}.Debug|Any CPU.ActiveCfg = Debug|Any CPU
		{187EC85C-A5AF-4481-981F-2344CDEA0C6A}.Debug|Any CPU.Build.0 = Debug|Any CPU
		{187EC85C-A5AF-4481-981F-2344CDEA0C6A}.Release|Any CPU.ActiveCfg = Release|Any CPU
		{187EC85C-A5AF-4481-981F-2344CDEA0C6A}.Release|Any CPU.Build.0 = Release|Any CPU
		{A30F5E2C-DBB4-4B42-8B64-AD613DD2B49A}.Debug|Any CPU.ActiveCfg = Debug|Any CPU
		{A30F5E2C-DBB4-4B42-8B64-AD613DD2B49A}.Debug|Any CPU.Build.0 = Debug|Any CPU
		{A30F5E2C-DBB4-4B42-8B64-AD613DD2B49A}.Release|Any CPU.ActiveCfg = Release|Any CPU
		{A30F5E2C-DBB4-4B42-8B64-AD613DD2B49A}.Release|Any CPU.Build.0 = Release|Any CPU
		{077BC7D9-B651-4C4A-A45B-5E4611FC211B}.Debug|Any CPU.ActiveCfg = Debug|Any CPU
		{077BC7D9-B651-4C4A-A45B-5E4611FC211B}.Debug|Any CPU.Build.0 = Debug|Any CPU
		{077BC7D9-B651-4C4A-A45B-5E4611FC211B}.Release|Any CPU.ActiveCfg = Release|Any CPU
		{077BC7D9-B651-4C4A-A45B-5E4611FC211B}.Release|Any CPU.Build.0 = Release|Any CPU
		{15A9BBBC-A81C-4095-B049-36E7D35B4D2F}.Debug|Any CPU.ActiveCfg = Debug|Any CPU
		{15A9BBBC-A81C-4095-B049-36E7D35B4D2F}.Debug|Any CPU.Build.0 = Debug|Any CPU
		{15A9BBBC-A81C-4095-B049-36E7D35B4D2F}.Release|Any CPU.ActiveCfg = Release|Any CPU
		{15A9BBBC-A81C-4095-B049-36E7D35B4D2F}.Release|Any CPU.Build.0 = Release|Any CPU
		{441D198B-C5C4-4D39-A413-EAEB3175F077}.Debug|Any CPU.ActiveCfg = Debug|Any CPU
		{441D198B-C5C4-4D39-A413-EAEB3175F077}.Debug|Any CPU.Build.0 = Debug|Any CPU
		{441D198B-C5C4-4D39-A413-EAEB3175F077}.Release|Any CPU.ActiveCfg = Release|Any CPU
		{441D198B-C5C4-4D39-A413-EAEB3175F077}.Release|Any CPU.Build.0 = Release|Any CPU
		{2AFC23E5-23E6-4B23-95FD-D3E7179A1F0B}.Debug|Any CPU.ActiveCfg = Debug|Any CPU
		{2AFC23E5-23E6-4B23-95FD-D3E7179A1F0B}.Debug|Any CPU.Build.0 = Debug|Any CPU
		{2AFC23E5-23E6-4B23-95FD-D3E7179A1F0B}.Release|Any CPU.ActiveCfg = Release|Any CPU
		{2AFC23E5-23E6-4B23-95FD-D3E7179A1F0B}.Release|Any CPU.Build.0 = Release|Any CPU
		{8CDFB9F5-28E4-43D4-B76E-96DB4A70E990}.Debug|Any CPU.ActiveCfg = Debug|Any CPU
		{8CDFB9F5-28E4-43D4-B76E-96DB4A70E990}.Debug|Any CPU.Build.0 = Debug|Any CPU
		{8CDFB9F5-28E4-43D4-B76E-96DB4A70E990}.Release|Any CPU.ActiveCfg = Release|Any CPU
		{8CDFB9F5-28E4-43D4-B76E-96DB4A70E990}.Release|Any CPU.Build.0 = Release|Any CPU
		{B184F443-271E-4A05-9064-7C9ED06DC95D}.Debug|Any CPU.ActiveCfg = Debug|Any CPU
		{B184F443-271E-4A05-9064-7C9ED06DC95D}.Debug|Any CPU.Build.0 = Debug|Any CPU
		{B184F443-271E-4A05-9064-7C9ED06DC95D}.Release|Any CPU.ActiveCfg = Release|Any CPU
		{B184F443-271E-4A05-9064-7C9ED06DC95D}.Release|Any CPU.Build.0 = Release|Any CPU
		{707E2B80-1826-4881-B2B6-B4ABAB47EFE2}.Debug|Any CPU.ActiveCfg = Debug|Any CPU
		{707E2B80-1826-4881-B2B6-B4ABAB47EFE2}.Debug|Any CPU.Build.0 = Debug|Any CPU
		{707E2B80-1826-4881-B2B6-B4ABAB47EFE2}.Release|Any CPU.ActiveCfg = Release|Any CPU
		{707E2B80-1826-4881-B2B6-B4ABAB47EFE2}.Release|Any CPU.Build.0 = Release|Any CPU
		{9C5F336B-3F98-43E7-9C34-E4B60D4BBA01}.Debug|Any CPU.ActiveCfg = Debug|Any CPU
		{9C5F336B-3F98-43E7-9C34-E4B60D4BBA01}.Debug|Any CPU.Build.0 = Debug|Any CPU
		{9C5F336B-3F98-43E7-9C34-E4B60D4BBA01}.Release|Any CPU.ActiveCfg = Release|Any CPU
		{9C5F336B-3F98-43E7-9C34-E4B60D4BBA01}.Release|Any CPU.Build.0 = Release|Any CPU
		{A989B698-D484-45E7-83D1-7B5C86A4FEE8}.Debug|Any CPU.ActiveCfg = Debug|Any CPU
		{A989B698-D484-45E7-83D1-7B5C86A4FEE8}.Debug|Any CPU.Build.0 = Debug|Any CPU
		{A989B698-D484-45E7-83D1-7B5C86A4FEE8}.Release|Any CPU.ActiveCfg = Release|Any CPU
		{A989B698-D484-45E7-83D1-7B5C86A4FEE8}.Release|Any CPU.Build.0 = Release|Any CPU
		{61B110D7-1BAC-4C79-A4E7-C7141EC605EA}.Debug|Any CPU.ActiveCfg = Debug|Any CPU
		{61B110D7-1BAC-4C79-A4E7-C7141EC605EA}.Debug|Any CPU.Build.0 = Debug|Any CPU
		{61B110D7-1BAC-4C79-A4E7-C7141EC605EA}.Release|Any CPU.ActiveCfg = Release|Any CPU
		{61B110D7-1BAC-4C79-A4E7-C7141EC605EA}.Release|Any CPU.Build.0 = Release|Any CPU
		{4AF115DA-5272-49DC-BC80-790C0FEC6C8B}.Debug|Any CPU.ActiveCfg = Debug|Any CPU
		{4AF115DA-5272-49DC-BC80-790C0FEC6C8B}.Debug|Any CPU.Build.0 = Debug|Any CPU
		{4AF115DA-5272-49DC-BC80-790C0FEC6C8B}.Release|Any CPU.ActiveCfg = Release|Any CPU
		{4AF115DA-5272-49DC-BC80-790C0FEC6C8B}.Release|Any CPU.Build.0 = Release|Any CPU
		{78984250-9731-4113-A15C-15493AD643EB}.Debug|Any CPU.ActiveCfg = Debug|Any CPU
		{78984250-9731-4113-A15C-15493AD643EB}.Debug|Any CPU.Build.0 = Debug|Any CPU
		{78984250-9731-4113-A15C-15493AD643EB}.Release|Any CPU.ActiveCfg = Release|Any CPU
		{78984250-9731-4113-A15C-15493AD643EB}.Release|Any CPU.Build.0 = Release|Any CPU
		{4A970F84-B86D-4D4D-8132-F7851F5A236B}.Debug|Any CPU.ActiveCfg = Debug|Any CPU
		{4A970F84-B86D-4D4D-8132-F7851F5A236B}.Debug|Any CPU.Build.0 = Debug|Any CPU
		{4A970F84-B86D-4D4D-8132-F7851F5A236B}.Release|Any CPU.ActiveCfg = Release|Any CPU
		{4A970F84-B86D-4D4D-8132-F7851F5A236B}.Release|Any CPU.Build.0 = Release|Any CPU
		{38193A30-7641-4CF0-AB04-9998DF432F65}.Debug|Any CPU.ActiveCfg = Debug|Any CPU
		{38193A30-7641-4CF0-AB04-9998DF432F65}.Debug|Any CPU.Build.0 = Debug|Any CPU
		{38193A30-7641-4CF0-AB04-9998DF432F65}.Release|Any CPU.ActiveCfg = Release|Any CPU
		{38193A30-7641-4CF0-AB04-9998DF432F65}.Release|Any CPU.Build.0 = Release|Any CPU
		{FB3FCDD8-D2E8-4DF2-B945-4AEBFE912BE2}.Debug|Any CPU.ActiveCfg = Debug|Any CPU
		{FB3FCDD8-D2E8-4DF2-B945-4AEBFE912BE2}.Debug|Any CPU.Build.0 = Debug|Any CPU
		{FB3FCDD8-D2E8-4DF2-B945-4AEBFE912BE2}.Release|Any CPU.ActiveCfg = Release|Any CPU
		{FB3FCDD8-D2E8-4DF2-B945-4AEBFE912BE2}.Release|Any CPU.Build.0 = Release|Any CPU
		{7E4019F2-E077-4CFD-914D-27459F230EDB}.Debug|Any CPU.ActiveCfg = Debug|Any CPU
		{7E4019F2-E077-4CFD-914D-27459F230EDB}.Debug|Any CPU.Build.0 = Debug|Any CPU
		{7E4019F2-E077-4CFD-914D-27459F230EDB}.Release|Any CPU.ActiveCfg = Release|Any CPU
		{7E4019F2-E077-4CFD-914D-27459F230EDB}.Release|Any CPU.Build.0 = Release|Any CPU
		{5D0CA9B6-1C0B-4BB8-9B30-83F14DE02CD6}.Debug|Any CPU.ActiveCfg = Debug|Any CPU
		{5D0CA9B6-1C0B-4BB8-9B30-83F14DE02CD6}.Debug|Any CPU.Build.0 = Debug|Any CPU
		{5D0CA9B6-1C0B-4BB8-9B30-83F14DE02CD6}.Release|Any CPU.ActiveCfg = Release|Any CPU
		{5D0CA9B6-1C0B-4BB8-9B30-83F14DE02CD6}.Release|Any CPU.Build.0 = Release|Any CPU
		{73C3C27B-F0F8-42CD-84A1-5A26D6CD04E1}.Debug|Any CPU.ActiveCfg = Debug|Any CPU
		{73C3C27B-F0F8-42CD-84A1-5A26D6CD04E1}.Debug|Any CPU.Build.0 = Debug|Any CPU
		{73C3C27B-F0F8-42CD-84A1-5A26D6CD04E1}.Release|Any CPU.ActiveCfg = Release|Any CPU
		{73C3C27B-F0F8-42CD-84A1-5A26D6CD04E1}.Release|Any CPU.Build.0 = Release|Any CPU
		{9B0A6FFD-CF51-44C4-9AAE-99578C956FD5}.Debug|Any CPU.ActiveCfg = Debug|Any CPU
		{9B0A6FFD-CF51-44C4-9AAE-99578C956FD5}.Debug|Any CPU.Build.0 = Debug|Any CPU
		{9B0A6FFD-CF51-44C4-9AAE-99578C956FD5}.Release|Any CPU.ActiveCfg = Release|Any CPU
		{9B0A6FFD-CF51-44C4-9AAE-99578C956FD5}.Release|Any CPU.Build.0 = Release|Any CPU
		{8183DF4E-ABA7-44DE-B950-85CB11658814}.Debug|Any CPU.ActiveCfg = Debug|Any CPU
		{8183DF4E-ABA7-44DE-B950-85CB11658814}.Debug|Any CPU.Build.0 = Debug|Any CPU
		{8183DF4E-ABA7-44DE-B950-85CB11658814}.Release|Any CPU.ActiveCfg = Release|Any CPU
		{8183DF4E-ABA7-44DE-B950-85CB11658814}.Release|Any CPU.Build.0 = Release|Any CPU
		{A286ADB9-EAF3-4F33-8028-40304C0BB372}.Debug|Any CPU.ActiveCfg = Debug|Any CPU
		{A286ADB9-EAF3-4F33-8028-40304C0BB372}.Debug|Any CPU.Build.0 = Debug|Any CPU
		{A286ADB9-EAF3-4F33-8028-40304C0BB372}.Release|Any CPU.ActiveCfg = Release|Any CPU
		{A286ADB9-EAF3-4F33-8028-40304C0BB372}.Release|Any CPU.Build.0 = Release|Any CPU
		{C4BC445B-8E31-4624-B045-3377372E5CAC}.Debug|Any CPU.ActiveCfg = Debug|Any CPU
		{C4BC445B-8E31-4624-B045-3377372E5CAC}.Debug|Any CPU.Build.0 = Debug|Any CPU
		{C4BC445B-8E31-4624-B045-3377372E5CAC}.Release|Any CPU.ActiveCfg = Release|Any CPU
		{C4BC445B-8E31-4624-B045-3377372E5CAC}.Release|Any CPU.Build.0 = Release|Any CPU
		{D8A907D9-73AB-4C2D-B6E9-E9E9D71D7334}.Debug|Any CPU.ActiveCfg = Debug|Any CPU
		{D8A907D9-73AB-4C2D-B6E9-E9E9D71D7334}.Debug|Any CPU.Build.0 = Debug|Any CPU
		{D8A907D9-73AB-4C2D-B6E9-E9E9D71D7334}.Release|Any CPU.ActiveCfg = Release|Any CPU
		{D8A907D9-73AB-4C2D-B6E9-E9E9D71D7334}.Release|Any CPU.Build.0 = Release|Any CPU
		{40FC6D1A-7983-4F99-82F7-16065F5D59DA}.Debug|Any CPU.ActiveCfg = Debug|Any CPU
		{40FC6D1A-7983-4F99-82F7-16065F5D59DA}.Debug|Any CPU.Build.0 = Debug|Any CPU
		{40FC6D1A-7983-4F99-82F7-16065F5D59DA}.Release|Any CPU.ActiveCfg = Release|Any CPU
		{40FC6D1A-7983-4F99-82F7-16065F5D59DA}.Release|Any CPU.Build.0 = Release|Any CPU
		{F2BA0222-27A8-4609-9903-C84B942F297D}.Debug|Any CPU.ActiveCfg = Debug|Any CPU
		{F2BA0222-27A8-4609-9903-C84B942F297D}.Debug|Any CPU.Build.0 = Debug|Any CPU
		{F2BA0222-27A8-4609-9903-C84B942F297D}.Release|Any CPU.ActiveCfg = Release|Any CPU
		{F2BA0222-27A8-4609-9903-C84B942F297D}.Release|Any CPU.Build.0 = Release|Any CPU
		{E225E8B2-6A64-41BD-8C10-29612F565038}.Debug|Any CPU.ActiveCfg = Debug|Any CPU
		{E225E8B2-6A64-41BD-8C10-29612F565038}.Debug|Any CPU.Build.0 = Debug|Any CPU
		{E225E8B2-6A64-41BD-8C10-29612F565038}.Release|Any CPU.ActiveCfg = Release|Any CPU
		{E225E8B2-6A64-41BD-8C10-29612F565038}.Release|Any CPU.Build.0 = Release|Any CPU
		{ED4C13CE-D8CA-4EAE-9F3B-B7ADA54FF7BF}.Debug|Any CPU.ActiveCfg = Debug|Any CPU
		{ED4C13CE-D8CA-4EAE-9F3B-B7ADA54FF7BF}.Debug|Any CPU.Build.0 = Debug|Any CPU
		{ED4C13CE-D8CA-4EAE-9F3B-B7ADA54FF7BF}.Release|Any CPU.ActiveCfg = Release|Any CPU
		{ED4C13CE-D8CA-4EAE-9F3B-B7ADA54FF7BF}.Release|Any CPU.Build.0 = Release|Any CPU
		{0EB1E102-6091-4389-8672-BE2F5EAC858D}.Debug|Any CPU.ActiveCfg = Debug|Any CPU
		{0EB1E102-6091-4389-8672-BE2F5EAC858D}.Debug|Any CPU.Build.0 = Debug|Any CPU
		{0EB1E102-6091-4389-8672-BE2F5EAC858D}.Release|Any CPU.ActiveCfg = Release|Any CPU
		{0EB1E102-6091-4389-8672-BE2F5EAC858D}.Release|Any CPU.Build.0 = Release|Any CPU
		{C5F1AD13-4F4F-4552-9ABF-00F4C6B2B209}.Debug|Any CPU.ActiveCfg = Debug|Any CPU
		{C5F1AD13-4F4F-4552-9ABF-00F4C6B2B209}.Debug|Any CPU.Build.0 = Debug|Any CPU
		{C5F1AD13-4F4F-4552-9ABF-00F4C6B2B209}.Release|Any CPU.ActiveCfg = Release|Any CPU
		{C5F1AD13-4F4F-4552-9ABF-00F4C6B2B209}.Release|Any CPU.Build.0 = Release|Any CPU
	EndGlobalSection
	GlobalSection(SolutionProperties) = preSolution
		HideSolutionNode = FALSE
	EndGlobalSection
	GlobalSection(NestedProjects) = preSolution
		{EBAF0F1D-2BD4-4269-A4DF-63E5270D3A9E} = {86CFCFFF-3869-4CE2-BE3A-64DEAB16FCFB}
		{187EC85C-A5AF-4481-981F-2344CDEA0C6A} = {86CFCFFF-3869-4CE2-BE3A-64DEAB16FCFB}
		{A30F5E2C-DBB4-4B42-8B64-AD613DD2B49A} = {86CFCFFF-3869-4CE2-BE3A-64DEAB16FCFB}
		{077BC7D9-B651-4C4A-A45B-5E4611FC211B} = {86CFCFFF-3869-4CE2-BE3A-64DEAB16FCFB}
		{15A9BBBC-A81C-4095-B049-36E7D35B4D2F} = {86CFCFFF-3869-4CE2-BE3A-64DEAB16FCFB}
		{441D198B-C5C4-4D39-A413-EAEB3175F077} = {86CFCFFF-3869-4CE2-BE3A-64DEAB16FCFB}
		{2AFC23E5-23E6-4B23-95FD-D3E7179A1F0B} = {C4782B1D-7006-4504-86BB-5B0419F0852D}
		{8CDFB9F5-28E4-43D4-B76E-96DB4A70E990} = {C4782B1D-7006-4504-86BB-5B0419F0852D}
		{B184F443-271E-4A05-9064-7C9ED06DC95D} = {C4782B1D-7006-4504-86BB-5B0419F0852D}
		{707E2B80-1826-4881-B2B6-B4ABAB47EFE2} = {C4782B1D-7006-4504-86BB-5B0419F0852D}
		{9C5F336B-3F98-43E7-9C34-E4B60D4BBA01} = {C4782B1D-7006-4504-86BB-5B0419F0852D}
		{A989B698-D484-45E7-83D1-7B5C86A4FEE8} = {C4782B1D-7006-4504-86BB-5B0419F0852D}
		{61B110D7-1BAC-4C79-A4E7-C7141EC605EA} = {C4782B1D-7006-4504-86BB-5B0419F0852D}
		{4AF115DA-5272-49DC-BC80-790C0FEC6C8B} = {0B4D7AB0-6004-4092-8B41-034F42F2E00D}
		{78984250-9731-4113-A15C-15493AD643EB} = {0B4D7AB0-6004-4092-8B41-034F42F2E00D}
		{4A970F84-B86D-4D4D-8132-F7851F5A236B} = {0B4D7AB0-6004-4092-8B41-034F42F2E00D}
		{38193A30-7641-4CF0-AB04-9998DF432F65} = {FE49F21E-8D79-4FAD-946A-8C49F1516C6A}
		{FB3FCDD8-D2E8-4DF2-B945-4AEBFE912BE2} = {FE49F21E-8D79-4FAD-946A-8C49F1516C6A}
		{7E4019F2-E077-4CFD-914D-27459F230EDB} = {FE49F21E-8D79-4FAD-946A-8C49F1516C6A}
		{5D0CA9B6-1C0B-4BB8-9B30-83F14DE02CD6} = {FE49F21E-8D79-4FAD-946A-8C49F1516C6A}
		{73C3C27B-F0F8-42CD-84A1-5A26D6CD04E1} = {FE49F21E-8D79-4FAD-946A-8C49F1516C6A}
		{9B0A6FFD-CF51-44C4-9AAE-99578C956FD5} = {FE49F21E-8D79-4FAD-946A-8C49F1516C6A}
		{8183DF4E-ABA7-44DE-B950-85CB11658814} = {AEB44B6E-AB6A-47E5-A31D-7C11AEF40DBB}
		{A286ADB9-EAF3-4F33-8028-40304C0BB372} = {AEB44B6E-AB6A-47E5-A31D-7C11AEF40DBB}
		{C4BC445B-8E31-4624-B045-3377372E5CAC} = {AEB44B6E-AB6A-47E5-A31D-7C11AEF40DBB}
		{D8A907D9-73AB-4C2D-B6E9-E9E9D71D7334} = {AEB44B6E-AB6A-47E5-A31D-7C11AEF40DBB}
		{40FC6D1A-7983-4F99-82F7-16065F5D59DA} = {F28E946A-7870-467C-AC77-A318911ECD00}
		{F2BA0222-27A8-4609-9903-C84B942F297D} = {F28E946A-7870-467C-AC77-A318911ECD00}
		{E225E8B2-6A64-41BD-8C10-29612F565038} = {F28E946A-7870-467C-AC77-A318911ECD00}
		{ED4C13CE-D8CA-4EAE-9F3B-B7ADA54FF7BF} = {F28E946A-7870-467C-AC77-A318911ECD00}
		{0EB1E102-6091-4389-8672-BE2F5EAC858D} = {C1E28ED0-B32B-4367-BAE2-F36CA53F055E}
		{C5F1AD13-4F4F-4552-9ABF-00F4C6B2B209} = {C1E28ED0-B32B-4367-BAE2-F36CA53F055E}
	EndGlobalSection
	GlobalSection(ExtensibilityGlobals) = postSolution
		SolutionGuid = {5FF233AA-7906-457D-AD22-8B388ADC2428}
	EndGlobalSection
EndGlobal
